
Microsoft Visual Studio Solution File, Format Version 12.00
# Visual Studio Version 17
VisualStudioVersion = 17.1.32421.90
MinimumVisualStudioVersion = 10.0.40219.1
Project("{FAE04EC0-301F-11D3-BF4B-00C04F79EFBC}") = "Ex2Kap", "Ex2Kap\Ex2Kap.csproj", "{C6EF6164-B893-4371-A867-F83949441363}"
EndProject
Global
	GlobalSection(SolutionConfigurationPlatforms) = preSolution
		Debug|Any CPU = Debug|Any CPU
		Release|Any CPU = Release|Any CPU
	EndGlobalSection
	GlobalSection(ProjectConfigurationPlatforms) = postSolution
		{C6EF6164-B893-4371-A867-F83949441363}.Debug|Any CPU.ActiveCfg = Debug|Any CPU
		{C6EF6164-B893-4371-A867-F83949441363}.Debug|Any CPU.Build.0 = Debug|Any CPU
		{C6EF6164-B893-4371-A867-F83949441363}.Release|Any CPU.ActiveCfg = Release|Any CPU
		{C6EF6164-B893-4371-A867-F83949441363}.Release|Any CPU.Build.0 = Release|Any CPU
	EndGlobalSection
	GlobalSection(SolutionProperties) = preSolution
		HideSolutionNode = FALSE
	EndGlobalSection
	GlobalSection(ExtensibilityGlobals) = postSolution
		SolutionGuid = {0D20AC34-9242-4346-86CA-C64B4233E131}
	EndGlobalSection
EndGlobal
